
Microsoft Visual Studio Solution File, Format Version 12.00
# Visual Studio Version 17
VisualStudioVersion = 17.7.34009.444
MinimumVisualStudioVersion = 10.0.40219.1
Project("{9A19103F-16F7-4668-BE54-9A1E7A4F7556}") = "Samples", "Samples\Samples.csproj", "{B4ABC25D-FBB6-4609-9C7D-195231BD5B81}"
EndProject
Project("{9A19103F-16F7-4668-BE54-9A1E7A4F7556}") = "ExceptionsEx", "ExceptionsEx\ExceptionsEx.csproj", "{ACBB4517-7AAB-43A0-BFA9-E35162670939}"
EndProject
Project("{9A19103F-16F7-4668-BE54-9A1E7A4F7556}") = "StackEx", "StackEx\StackEx.csproj", "{58BB2BD2-2050-4CCC-9656-C7F82B4D26ED}"
EndProject
Project("{9A19103F-16F7-4668-BE54-9A1E7A4F7556}") = "ReverseString", "ReverseString\ReverseString.csproj", "{0403934D-E1F3-41CF-BC4F-9230BD9FF623}"
EndProject
Project("{9A19103F-16F7-4668-BE54-9A1E7A4F7556}") = "AbstarctEx", "AbstarctEx\AbstarctEx.csproj", "{06CB7593-6B1E-4038-8561-FB3BDEC407D4}"
EndProject
Project("{9A19103F-16F7-4668-BE54-9A1E7A4F7556}") = "InterfaceEx", "InterfaceEx\InterfaceEx.csproj", "{07A0FCBE-D433-4B31-9745-BF3538030C74}"
EndProject
Project("{9A19103F-16F7-4668-BE54-9A1E7A4F7556}") = "ConnectDbEx", "ConnectDbEx\ConnectDbEx.csproj", "{7813D6B9-4C54-4179-A1A0-4C96E0D16A6E}"
EndProject
Project("{9A19103F-16F7-4668-BE54-9A1E7A4F7556}") = "StudentMgmt", "StudentMgmt\StudentMgmt.csproj", "{88AD431E-87EA-4A90-9C50-6AD96C30AEDF}"
EndProject
Project("{9A19103F-16F7-4668-BE54-9A1E7A4F7556}") = "PropertiesEx", "PropertiesEx\PropertiesEx.csproj", "{DB9B23EB-3F60-496B-8316-77DFC5CF7195}"
EndProject
Project("{9A19103F-16F7-4668-BE54-9A1E7A4F7556}") = "InternalEx", "InternalEx\InternalEx.csproj", "{FCBFF38E-F277-42FE-82C6-95949CCA53AF}"
EndProject
Project("{9A19103F-16F7-4668-BE54-9A1E7A4F7556}") = "CalculatorEx", "CalculatorEx\CalculatorEx.csproj", "{D4727A32-7705-474A-B7A4-E59F52CA97FA}"
EndProject
Project("{9A19103F-16F7-4668-BE54-9A1E7A4F7556}") = "ThreadEx", "ThreadEx\ThreadEx.csproj", "{E25AE114-5FDA-412B-BB44-E2BE1A98D114}"
EndProject
Project("{9A19103F-16F7-4668-BE54-9A1E7A4F7556}") = "AsyncAwaitEx", "AsyncAwaitEx\AsyncAwaitEx.csproj", "{61A60215-2EFC-403B-B728-D5A9A5EE4992}"
EndProject
Project("{9A19103F-16F7-4668-BE54-9A1E7A4F7556}") = "DelegatesEx", "DelegatesEx\DelegatesEx.csproj", "{35317D49-713B-4D81-A930-8DCADF79E848}"
EndProject
Project("{9A19103F-16F7-4668-BE54-9A1E7A4F7556}") = "LinqEx", "LinqEx\LinqEx.csproj", "{111BBED0-550E-45AB-BE58-F3E2901E90C5}"
EndProject
Project("{9A19103F-16F7-4668-BE54-9A1E7A4F7556}") = "DelegateEx2", "DelegateEx2\DelegateEx2.csproj", "{C7D42049-A022-46FB-A0B2-6D2F1E454954}"
EndProject
Project("{FAE04EC0-301F-11D3-BF4B-00C04F79EFBC}") = "ReverSizeEx", "ReverSizeEx\ReverSizeEx.csproj", "{3C63FE10-BCAE-4C7B-B645-71708A3CA89E}"
EndProject
Global
	GlobalSection(SolutionConfigurationPlatforms) = preSolution
		Debug|Any CPU = Debug|Any CPU
		Release|Any CPU = Release|Any CPU
	EndGlobalSection
	GlobalSection(ProjectConfigurationPlatforms) = postSolution
		{B4ABC25D-FBB6-4609-9C7D-195231BD5B81}.Debug|Any CPU.ActiveCfg = Debug|Any CPU
		{B4ABC25D-FBB6-4609-9C7D-195231BD5B81}.Debug|Any CPU.Build.0 = Debug|Any CPU
		{B4ABC25D-FBB6-4609-9C7D-195231BD5B81}.Release|Any CPU.ActiveCfg = Release|Any CPU
		{B4ABC25D-FBB6-4609-9C7D-195231BD5B81}.Release|Any CPU.Build.0 = Release|Any CPU
		{ACBB4517-7AAB-43A0-BFA9-E35162670939}.Debug|Any CPU.ActiveCfg = Debug|Any CPU
		{ACBB4517-7AAB-43A0-BFA9-E35162670939}.Debug|Any CPU.Build.0 = Debug|Any CPU
		{ACBB4517-7AAB-43A0-BFA9-E35162670939}.Release|Any CPU.ActiveCfg = Release|Any CPU
		{ACBB4517-7AAB-43A0-BFA9-E35162670939}.Release|Any CPU.Build.0 = Release|Any CPU
		{58BB2BD2-2050-4CCC-9656-C7F82B4D26ED}.Debug|Any CPU.ActiveCfg = Debug|Any CPU
		{58BB2BD2-2050-4CCC-9656-C7F82B4D26ED}.Debug|Any CPU.Build.0 = Debug|Any CPU
		{58BB2BD2-2050-4CCC-9656-C7F82B4D26ED}.Release|Any CPU.ActiveCfg = Release|Any CPU
		{58BB2BD2-2050-4CCC-9656-C7F82B4D26ED}.Release|Any CPU.Build.0 = Release|Any CPU
		{0403934D-E1F3-41CF-BC4F-9230BD9FF623}.Debug|Any CPU.ActiveCfg = Debug|Any CPU
		{0403934D-E1F3-41CF-BC4F-9230BD9FF623}.Debug|Any CPU.Build.0 = Debug|Any CPU
		{0403934D-E1F3-41CF-BC4F-9230BD9FF623}.Release|Any CPU.ActiveCfg = Release|Any CPU
		{0403934D-E1F3-41CF-BC4F-9230BD9FF623}.Release|Any CPU.Build.0 = Release|Any CPU
		{06CB7593-6B1E-4038-8561-FB3BDEC407D4}.Debug|Any CPU.ActiveCfg = Debug|Any CPU
		{06CB7593-6B1E-4038-8561-FB3BDEC407D4}.Debug|Any CPU.Build.0 = Debug|Any CPU
		{06CB7593-6B1E-4038-8561-FB3BDEC407D4}.Release|Any CPU.ActiveCfg = Release|Any CPU
		{06CB7593-6B1E-4038-8561-FB3BDEC407D4}.Release|Any CPU.Build.0 = Release|Any CPU
		{07A0FCBE-D433-4B31-9745-BF3538030C74}.Debug|Any CPU.ActiveCfg = Debug|Any CPU
		{07A0FCBE-D433-4B31-9745-BF3538030C74}.Debug|Any CPU.Build.0 = Debug|Any CPU
		{07A0FCBE-D433-4B31-9745-BF3538030C74}.Release|Any CPU.ActiveCfg = Release|Any CPU
		{07A0FCBE-D433-4B31-9745-BF3538030C74}.Release|Any CPU.Build.0 = Release|Any CPU
		{7813D6B9-4C54-4179-A1A0-4C96E0D16A6E}.Debug|Any CPU.ActiveCfg = Debug|Any CPU
		{7813D6B9-4C54-4179-A1A0-4C96E0D16A6E}.Debug|Any CPU.Build.0 = Debug|Any CPU
		{7813D6B9-4C54-4179-A1A0-4C96E0D16A6E}.Release|Any CPU.ActiveCfg = Release|Any CPU
		{7813D6B9-4C54-4179-A1A0-4C96E0D16A6E}.Release|Any CPU.Build.0 = Release|Any CPU
		{88AD431E-87EA-4A90-9C50-6AD96C30AEDF}.Debug|Any CPU.ActiveCfg = Debug|Any CPU
		{88AD431E-87EA-4A90-9C50-6AD96C30AEDF}.Debug|Any CPU.Build.0 = Debug|Any CPU
		{88AD431E-87EA-4A90-9C50-6AD96C30AEDF}.Release|Any CPU.ActiveCfg = Release|Any CPU
		{88AD431E-87EA-4A90-9C50-6AD96C30AEDF}.Release|Any CPU.Build.0 = Release|Any CPU
		{DB9B23EB-3F60-496B-8316-77DFC5CF7195}.Debug|Any CPU.ActiveCfg = Debug|Any CPU
		{DB9B23EB-3F60-496B-8316-77DFC5CF7195}.Debug|Any CPU.Build.0 = Debug|Any CPU
		{DB9B23EB-3F60-496B-8316-77DFC5CF7195}.Release|Any CPU.ActiveCfg = Release|Any CPU
		{DB9B23EB-3F60-496B-8316-77DFC5CF7195}.Release|Any CPU.Build.0 = Release|Any CPU
		{FCBFF38E-F277-42FE-82C6-95949CCA53AF}.Debug|Any CPU.ActiveCfg = Debug|Any CPU
		{FCBFF38E-F277-42FE-82C6-95949CCA53AF}.Debug|Any CPU.Build.0 = Debug|Any CPU
		{FCBFF38E-F277-42FE-82C6-95949CCA53AF}.Release|Any CPU.ActiveCfg = Release|Any CPU
		{FCBFF38E-F277-42FE-82C6-95949CCA53AF}.Release|Any CPU.Build.0 = Release|Any CPU
		{D4727A32-7705-474A-B7A4-E59F52CA97FA}.Debug|Any CPU.ActiveCfg = Debug|Any CPU
		{D4727A32-7705-474A-B7A4-E59F52CA97FA}.Debug|Any CPU.Build.0 = Debug|Any CPU
		{D4727A32-7705-474A-B7A4-E59F52CA97FA}.Release|Any CPU.ActiveCfg = Release|Any CPU
		{D4727A32-7705-474A-B7A4-E59F52CA97FA}.Release|Any CPU.Build.0 = Release|Any CPU
		{E25AE114-5FDA-412B-BB44-E2BE1A98D114}.Debug|Any CPU.ActiveCfg = Debug|Any CPU
		{E25AE114-5FDA-412B-BB44-E2BE1A98D114}.Debug|Any CPU.Build.0 = Debug|Any CPU
		{E25AE114-5FDA-412B-BB44-E2BE1A98D114}.Release|Any CPU.ActiveCfg = Release|Any CPU
		{E25AE114-5FDA-412B-BB44-E2BE1A98D114}.Release|Any CPU.Build.0 = Release|Any CPU
		{61A60215-2EFC-403B-B728-D5A9A5EE4992}.Debug|Any CPU.ActiveCfg = Debug|Any CPU
		{61A60215-2EFC-403B-B728-D5A9A5EE4992}.Debug|Any CPU.Build.0 = Debug|Any CPU
		{61A60215-2EFC-403B-B728-D5A9A5EE4992}.Release|Any CPU.ActiveCfg = Release|Any CPU
		{61A60215-2EFC-403B-B728-D5A9A5EE4992}.Release|Any CPU.Build.0 = Release|Any CPU
		{35317D49-713B-4D81-A930-8DCADF79E848}.Debug|Any CPU.ActiveCfg = Debug|Any CPU
		{35317D49-713B-4D81-A930-8DCADF79E848}.Debug|Any CPU.Build.0 = Debug|Any CPU
		{35317D49-713B-4D81-A930-8DCADF79E848}.Release|Any CPU.ActiveCfg = Release|Any CPU
		{35317D49-713B-4D81-A930-8DCADF79E848}.Release|Any CPU.Build.0 = Release|Any CPU
		{111BBED0-550E-45AB-BE58-F3E2901E90C5}.Debug|Any CPU.ActiveCfg = Debug|Any CPU
		{111BBED0-550E-45AB-BE58-F3E2901E90C5}.Debug|Any CPU.Build.0 = Debug|Any CPU
		{111BBED0-550E-45AB-BE58-F3E2901E90C5}.Release|Any CPU.ActiveCfg = Release|Any CPU
		{111BBED0-550E-45AB-BE58-F3E2901E90C5}.Release|Any CPU.Build.0 = Release|Any CPU
		{C7D42049-A022-46FB-A0B2-6D2F1E454954}.Debug|Any CPU.ActiveCfg = Debug|Any CPU
		{C7D42049-A022-46FB-A0B2-6D2F1E454954}.Debug|Any CPU.Build.0 = Debug|Any CPU
		{C7D42049-A022-46FB-A0B2-6D2F1E454954}.Release|Any CPU.ActiveCfg = Release|Any CPU
		{C7D42049-A022-46FB-A0B2-6D2F1E454954}.Release|Any CPU.Build.0 = Release|Any CPU
		{3C63FE10-BCAE-4C7B-B645-71708A3CA89E}.Debug|Any CPU.ActiveCfg = Debug|Any CPU
		{3C63FE10-BCAE-4C7B-B645-71708A3CA89E}.Debug|Any CPU.Build.0 = Debug|Any CPU
		{3C63FE10-BCAE-4C7B-B645-71708A3CA89E}.Release|Any CPU.ActiveCfg = Release|Any CPU
		{3C63FE10-BCAE-4C7B-B645-71708A3CA89E}.Release|Any CPU.Build.0 = Release|Any CPU
	EndGlobalSection
	GlobalSection(SolutionProperties) = preSolution
		HideSolutionNode = FALSE
	EndGlobalSection
	GlobalSection(ExtensibilityGlobals) = postSolution
		SolutionGuid = {938F7CE2-1B7A-4BA3-A133-7914CA014292}
	EndGlobalSection
EndGlobal
